
Microsoft Visual Studio Solution File, Format Version 12.00
# Visual Studio 15
VisualStudioVersion = 15.0.26228.9
MinimumVisualStudioVersion = 10.0.40219.1
Project("{9A19103F-16F7-4668-BE54-9A1E7A4F7556}") = "AspDbTest", "AspDbTest\AspDbTest.csproj", "{9C54F691-BCCA-472A-9410-1EDECE28AE00}"
EndProject
Project("{D954291E-2A0B-460D-934E-DC6B0785DB48}") = "CoreDb", "CoreDb\CoreDb.shproj", "{38C40453-132F-41F0-9922-55D64402B0BD}"
EndProject
Project("{9A19103F-16F7-4668-BE54-9A1E7A4F7556}") = "CoreDbTest", "CoreDbTest\CoreDbTest.csproj", "{F904121E-507D-439E-9BD8-D8D3E94E7861}"
EndProject
Project("{9A19103F-16F7-4668-BE54-9A1E7A4F7556}") = "MyConsoleApp", "MyConsoleApp\MyConsoleApp.csproj", "{E9AA0736-4927-4EDF-9E8D-C098D1DC5825}"
EndProject
Global
	GlobalSection(SharedMSBuildProjectFiles) = preSolution
		CoreDb\CoreDb.projitems*{38c40453-132f-41f0-9922-55d64402b0bd}*SharedItemsImports = 13
	EndGlobalSection
	GlobalSection(SolutionConfigurationPlatforms) = preSolution
		Debug|Any CPU = Debug|Any CPU
		Release|Any CPU = Release|Any CPU
	EndGlobalSection
	GlobalSection(ProjectConfigurationPlatforms) = postSolution
		{9C54F691-BCCA-472A-9410-1EDECE28AE00}.Debug|Any CPU.ActiveCfg = Debug|Any CPU
		{9C54F691-BCCA-472A-9410-1EDECE28AE00}.Debug|Any CPU.Build.0 = Debug|Any CPU
		{9C54F691-BCCA-472A-9410-1EDECE28AE00}.Release|Any CPU.ActiveCfg = Release|Any CPU
		{9C54F691-BCCA-472A-9410-1EDECE28AE00}.Release|Any CPU.Build.0 = Release|Any CPU
		{F904121E-507D-439E-9BD8-D8D3E94E7861}.Debug|Any CPU.ActiveCfg = Debug|Any CPU
		{F904121E-507D-439E-9BD8-D8D3E94E7861}.Debug|Any CPU.Build.0 = Debug|Any CPU
		{F904121E-507D-439E-9BD8-D8D3E94E7861}.Release|Any CPU.ActiveCfg = Release|Any CPU
		{F904121E-507D-439E-9BD8-D8D3E94E7861}.Release|Any CPU.Build.0 = Release|Any CPU
		{E9AA0736-4927-4EDF-9E8D-C098D1DC5825}.Debug|Any CPU.ActiveCfg = Debug|Any CPU
		{E9AA0736-4927-4EDF-9E8D-C098D1DC5825}.Debug|Any CPU.Build.0 = Debug|Any CPU
		{E9AA0736-4927-4EDF-9E8D-C098D1DC5825}.Release|Any CPU.ActiveCfg = Release|Any CPU
		{E9AA0736-4927-4EDF-9E8D-C098D1DC5825}.Release|Any CPU.Build.0 = Release|Any CPU
	EndGlobalSection
	GlobalSection(SolutionProperties) = preSolution
		HideSolutionNode = FALSE
	EndGlobalSection
EndGlobal
